dependencies:
- name: sealed-secrets
  repository: https://bitnami-labs.github.io/sealed-secrets
  version: 2.1.6
- name: service-account
  repository: https://charts.cloudnativetoolkit.dev/
  version: 0.6.0
digest: sha256:7b18cbf88ffd778047eda7a6763b8d60692e1f2f0cdceacf1e79a8826e2c04b9
generated: "2022-04-22T09:25:41.139308-04:00"
