dependencies:
- name: sealed-secrets
  repository: https://bitnami-labs.github.io/sealed-secrets
  version: 2.1.8
- name: service-account
  repository: https://charts.cloudnativetoolkit.dev/
  version: 0.6.0
digest: sha256:b13de2ebccfd2fcd6eba298063eae71c75a75ef531445c9ffc2a2fa7bc184c69
generated: "2022-05-05T22:49:43.380451-05:00"
